{
  "name": "easy",
  "version": "0.1.0",
  "lockfileVersion": 1,
  "requires": true,
  "dependencies": {
    "@types/validator": {
      "version": "13.0.0",
      "resolved": "https://registry.npmjs.org/@types/validator/-/validator-13.0.0.tgz",
      "integrity": "sha512-WAy5txG7aFX8Vw3sloEKp5p/t/Xt8jD3GRD9DacnFv6Vo8ubudAsRTXgxpQwU0mpzY/H8U4db3roDuCMjShBmw=="
    },
    "class-validator": {
      "version": "0.12.2",
      "resolved": "https://registry.npmjs.org/class-validator/-/class-validator-0.12.2.tgz",
      "integrity": "sha512-TDzPzp8BmpsbPhQpccB3jMUE/3pK0TyqamrK0kcx+ZeFytMA+O6q87JZZGObHHnoo9GM8vl/JppIyKWeEA/EVw==",
      "requires": {
        "@types/validator": "13.0.0",
        "google-libphonenumber": "^3.2.8",
        "tslib": ">=1.9.0",
        "validator": "13.0.0"
      }
    },
    "google-libphonenumber": {
      "version": "3.2.14",
      "resolved": "https://registry.npmjs.org/google-libphonenumber/-/google-libphonenumber-3.2.14.tgz",
      "integrity": "sha512-4r7mQRbk7EUYV1gyfP1SInYuQsjuDtRXCGLSotxeYDJaj/aF1xFO5PV/GSQeIxXWhIw050DujROICvWpZ1XYRw=="
    },
    "reflect-metadata": {
      "version": "0.1.13",
      "resolved": "https://registry.npmjs.org/reflect-metadata/-/reflect-metadata-0.1.13.tgz",
      "integrity": "sha512-Ts1Y/anZELhSsjMcU605fU9RE4Oi3p5ORujwbIKXfWa+0Zxs510Qrmrce5/Jowq3cHSZSJqBjypxmHarc+vEWg=="
    },
    "tslib": {
      "version": "2.0.3",
      "resolved": "https://registry.npmjs.org/tslib/-/tslib-2.0.3.tgz",
      "integrity": "sha512-uZtkfKblCEQtZKBF6EBXVZeQNl82yqtDQdv+eck8u7tdPxjLu2/lp5/uPW+um2tpuxINHWy3GhiccY7QgEaVHQ=="
    },
    "tsyringe": {
      "version": "4.3.0",
      "resolved": "https://registry.npmjs.org/tsyringe/-/tsyringe-4.3.0.tgz",
      "integrity": "sha512-Vzty1M/EQXSsEE8aoIOLl1l793chcPyQAnFJaS1mFDtFvNPY+jknSPwMIF6yfcjua+2GTgwxWFzuA3cjIx4NZA==",
      "requires": {
        "tslib": "^1.9.3"
      },
      "dependencies": {
        "tslib": {
          "version": "1.14.1",
          "resolved": "https://registry.npmjs.org/tslib/-/tslib-1.14.1.tgz",
          "integrity": "sha512-Xni35NKzjgMrwevysHTCArtLDpPvye8zV/0E4EyYn43P7/7qvQwPh9BGkHewbMulVntbigmcT7rdX3BNo9wRJg=="
        }
      }
    },
    "typescript": {
      "version": "4.0.5",
      "resolved": "https://registry.npmjs.org/typescript/-/typescript-4.0.5.tgz",
      "integrity": "sha512-ywmr/VrTVCmNTJ6iV2LwIrfG1P+lv6luD8sUJs+2eI9NLGigaN+nUQc13iHqisq7bra9lnmUSYqbJvegraBOPQ==",
      "dev": true
    },
    "uuid": {
      "version": "8.3.1",
      "resolved": "https://registry.npmjs.org/uuid/-/uuid-8.3.1.tgz",
      "integrity": "sha512-FOmRr+FmWEIG8uhZv6C2bTgEVXsHk08kE7mPlrBbEe+c3r9pjceVPgupIfNIhc4yx55H69OXANrUaSuu9eInKg=="
    },
    "validator": {
      "version": "13.0.0",
      "resolved": "https://registry.npmjs.org/validator/-/validator-13.0.0.tgz",
      "integrity": "sha512-anYx5fURbgF04lQV18nEQWZ/3wHGnxiKdG4aL8J+jEDsm98n/sU/bey+tYk6tnGJzm7ioh5FoqrAiQ6m03IgaA=="
    }
  }
}
